
Microsoft Visual Studio Solution File, Format Version 12.00
# Visual Studio Version 16
VisualStudioVersion = 25.0.1706.1
MinimumVisualStudioVersion = 10.0.40219.1
Project("{FAE04EC0-301F-11D3-BF4B-00C04F79EFBC}") = "talentoit", "talentoit\talentoit.csproj", "{B678345B-2067-4E84-8389-C5B265A31D9C}"
EndProject
Global
	GlobalSection(SolutionConfigurationPlatforms) = preSolution
		Debug|Any CPU = Debug|Any CPU
		Release|Any CPU = Release|Any CPU
	EndGlobalSection
	GlobalSection(ProjectConfigurationPlatforms) = postSolution
		{B678345B-2067-4E84-8389-C5B265A31D9C}.Debug|Any CPU.ActiveCfg = Debug|Any CPU
		{B678345B-2067-4E84-8389-C5B265A31D9C}.Debug|Any CPU.Build.0 = Debug|Any CPU
		{B678345B-2067-4E84-8389-C5B265A31D9C}.Release|Any CPU.ActiveCfg = Release|Any CPU
		{B678345B-2067-4E84-8389-C5B265A31D9C}.Release|Any CPU.Build.0 = Release|Any CPU
	EndGlobalSection
	GlobalSection(SolutionProperties) = preSolution
		HideSolutionNode = FALSE
	EndGlobalSection
	GlobalSection(ExtensibilityGlobals) = postSolution
		SolutionGuid = {3F0B9E1B-C169-413F-AB0B-90DF27D92841}
	EndGlobalSection
EndGlobal
